// !$*UTF8*$!
{
	archiveVersion = 1;
	classes = {
	};
	objectVersion = 46;
	objects = {

/* Begin PBXBuildFile section */
		2803EF0476B44ABD9230F2F0 /* libPods.a in Frameworks */ = {isa = PBXBuildFile; fileRef = DFF72890749644C787E77123 /* libPods.a */; };
		CB021AF9197E12B500A0403E /* NSString+Validation.m in Sources */ = {isa = PBXBuildFile; fileRef = CB021AF8197E12B500A0403E /* NSString+Validation.m */; };
		CB07558F1979266E005EF170 /* UIView+FrameAccessor.m in Sources */ = {isa = PBXBuildFile; fileRef = CB07558E1979266E005EF170 /* UIView+FrameAccessor.m */; };
		CB0E82EB197F65FD00859FC5 /* FDFMConfirmViewController.m in Sources */ = {isa = PBXBuildFile; fileRef = CB0E82EA197F65FD00859FC5 /* FDFMConfirmViewController.m */; };
		CB2764EF1978BD6D003AF069 /* Foundation.framework in Frameworks */ = {isa = PBXBuildFile; fileRef = CB2764EE1978BD6D003AF069 /* Foundation.framework */; };
		CB2764F11978BD6D003AF069 /* CoreGraphics.framework in Frameworks */ = {isa = PBXBuildFile; fileRef = CB2764F01978BD6D003AF069 /* CoreGraphics.framework */; };
		CB2764F31978BD6D003AF069 /* UIKit.framework in Frameworks */ = {isa = PBXBuildFile; fileRef = CB2764F21978BD6D003AF069 /* UIKit.framework */; };
		CB2764F51978BD6D003AF069 /* CoreData.framework in Frameworks */ = {isa = PBXBuildFile; fileRef = CB2764F41978BD6D003AF069 /* CoreData.framework */; };
		CB2764FB1978BD6D003AF069 /* InfoPlist.strings in Resources */ = {isa = PBXBuildFile; fileRef = CB2764F91978BD6D003AF069 /* InfoPlist.strings */; };
		CB2764FD1978BD6D003AF069 /* main.m in Sources */ = {isa = PBXBuildFile; fileRef = CB2764FC1978BD6D003AF069 /* main.m */; };
		CB2765011978BD6D003AF069 /* AppDelegate.m in Sources */ = {isa = PBXBuildFile; fileRef = CB2765001978BD6D003AF069 /* AppDelegate.m */; };
		CB2765041978BD6D003AF069 /* FormDemo.xcdatamodeld in Sources */ = {isa = PBXBuildFile; fileRef = CB2765021978BD6D003AF069 /* FormDemo.xcdatamodeld */; };
		CB2765061978BD6D003AF069 /* Images.xcassets in Resources */ = {isa = PBXBuildFile; fileRef = CB2765051978BD6D003AF069 /* Images.xcassets */; };
		CB27650D1978BD6D003AF069 /* XCTest.framework in Frameworks */ = {isa = PBXBuildFile; fileRef = CB27650C1978BD6D003AF069 /* XCTest.framework */; };
		CB27650E1978BD6D003AF069 /* Foundation.framework in Frameworks */ = {isa = PBXBuildFile; fileRef = CB2764EE1978BD6D003AF069 /* Foundation.framework */; };
		CB27650F1978BD6D003AF069 /* UIKit.framework in Frameworks */ = {isa = PBXBuildFile; fileRef = CB2764F21978BD6D003AF069 /* UIKit.framework */; };
		CB2765101978BD6D003AF069 /* CoreData.framework in Frameworks */ = {isa = PBXBuildFile; fileRef = CB2764F41978BD6D003AF069 /* CoreData.framework */; };
		CB2765181978BD6D003AF069 /* InfoPlist.strings in Resources */ = {isa = PBXBuildFile; fileRef = CB2765161978BD6D003AF069 /* InfoPlist.strings */; };
		CB27651A1978BD6D003AF069 /* FormDemoTests.m in Sources */ = {isa = PBXBuildFile; fileRef = CB2765191978BD6D003AF069 /* FormDemoTests.m */; };
		CB2765291978C626003AF069 /* Form.storyboard in Resources */ = {isa = PBXBuildFile; fileRef = CB2765281978C626003AF069 /* Form.storyboard */; };
		CB27FF901986385F00CDA812 /* NSObject+Validation.m in Sources */ = {isa = PBXBuildFile; fileRef = CB27FF8F1986385F00CDA812 /* NSObject+Validation.m */; };
		CB3543E719874B850056804B /* FDFMHandedTableViewController.m in Sources */ = {isa = PBXBuildFile; fileRef = CB3543E619874B850056804B /* FDFMHandedTableViewController.m */; };
		CB3543ED19877F7B0056804B /* NSArray+Sort.m in Sources */ = {isa = PBXBuildFile; fileRef = CB3543EC19877F7B0056804B /* NSArray+Sort.m */; };
		CB3543F0198781390056804B /* NSDictionary+Sort.m in Sources */ = {isa = PBXBuildFile; fileRef = CB3543EF198781390056804B /* NSDictionary+Sort.m */; };
		CB4AA9AB197F9E2700B1F8D5 /* AFHTTPRequestOperationManager+Manager.m in Sources */ = {isa = PBXBuildFile; fileRef = CB4AA9AA197F9E2700B1F8D5 /* AFHTTPRequestOperationManager+Manager.m */; };
		CB4AA9AD197FA2FB00B1F8D5 /* Root.storyboard in Resources */ = {isa = PBXBuildFile; fileRef = CB4AA9AC197FA2FB00B1F8D5 /* Root.storyboard */; };
		CB4AA9B0197FAF4A00B1F8D5 /* FDRootViewController.m in Sources */ = {isa = PBXBuildFile; fileRef = CB4AA9AF197FAF4A00B1F8D5 /* FDRootViewController.m */; };
		CB8CC3AB1978FD8F00D70B22 /* FDFMInputViewController.m in Sources */ = {isa = PBXBuildFile; fileRef = CB8CC3AA1978FD8F00D70B22 /* FDFMInputViewController.m */; };
		CBC5C25C197FC486008A6CB1 /* FDUserModel.m in Sources */ = {isa = PBXBuildFile; fileRef = CBC5C25B197FC486008A6CB1 /* FDUserModel.m */; };
		CBFBD6F41980D97700D6EF05 /* CommonConfig.plist in Resources */ = {isa = PBXBuildFile; fileRef = CBFBD6F31980D97700D6EF05 /* CommonConfig.plist */; };
		CBFBD6F61980D9EA00D6EF05 /* DebugConfig.plist in Resources */ = {isa = PBXBuildFile; fileRef = CBFBD6F51980D9EA00D6EF05 /* DebugConfig.plist */; };
		CBFBD6F81980D9FB00D6EF05 /* ReleaseConfig.plist in Resources */ = {isa = PBXBuildFile; fileRef = CBFBD6F71980D9FB00D6EF05 /* ReleaseConfig.plist */; };
		CBFBD6FE1980E21F00D6EF05 /* FDConfigLoader.m in Sources */ = {isa = PBXBuildFile; fileRef = CBFBD6FD1980E21F00D6EF05 /* FDConfigLoader.m */; };
/* End PBXBuildFile section */

/* Begin PBXContainerItemProxy section */
		CB2765111978BD6D003AF069 /* PBXContainerItemProxy */ = {
			isa = PBXContainerItemProxy;
			containerPortal = CB2764E31978BD6D003AF069 /* Project object */;
			proxyType = 1;
			remoteGlobalIDString = CB2764EA1978BD6D003AF069;
			remoteInfo = FormDemo;
		};
/* End PBXContainerItemProxy section */

/* Begin PBXFileReference section */
		0DD669FFB7B3487C9627DCA5 /* Pods.xcconfig */ = {isa = PBXFileReference; includeInIndex = 1; lastKnownFileType = text.xcconfig; name = Pods.xcconfig; path = Pods/Pods.xcconfig; sourceTree = "<group>"; };
		CB021AF7197E12B500A0403E /* NSString+Validation.h */ = {isa = PBXFileReference; fileEncoding = 4; lastKnownFileType = sourcecode.c.h; path = "NSString+Validation.h"; sourceTree = "<group>"; };
		CB021AF8197E12B500A0403E /* NSString+Validation.m */ = {isa = PBXFileReference; fileEncoding = 4; lastKnownFileType = sourcecode.c.objc; path = "NSString+Validation.m"; sourceTree = "<group>"; };
		CB07558D1979266E005EF170 /* UIView+FrameAccessor.h */ = {isa = PBXFileReference; fileEncoding = 4; lastKnownFileType = sourcecode.c.h; path = "UIView+FrameAccessor.h"; sourceTree = "<group>"; };
		CB07558E1979266E005EF170 /* UIView+FrameAccessor.m */ = {isa = PBXFileReference; fileEncoding = 4; lastKnownFileType = sourcecode.c.objc; path = "UIView+FrameAccessor.m"; sourceTree = "<group>"; };
		CB0E82E9197F65FD00859FC5 /* FDFMConfirmViewController.h */ = {isa = PBXFileReference; fileEncoding = 4; lastKnownFileType = sourcecode.c.h; path = FDFMConfirmViewController.h; sourceTree = "<group>"; };
		CB0E82EA197F65FD00859FC5 /* FDFMConfirmViewController.m */ = {isa = PBXFileReference; fileEncoding = 4; lastKnownFileType = sourcecode.c.objc; path = FDFMConfirmViewController.m; sourceTree = "<group>"; };
		CB2764EB1978BD6D003AF069 /* FormDemo.app */ = {isa = PBXFileReference; explicitFileType = wrapper.application; includeInIndex = 0; path = FormDemo.app; sourceTree = BUILT_PRODUCTS_DIR; };
		CB2764EE1978BD6D003AF069 /* Foundation.framework */ = {isa = PBXFileReference; lastKnownFileType = wrapper.framework; name = Foundation.framework; path = System/Library/Frameworks/Foundation.framework; sourceTree = SDKROOT; };
		CB2764F01978BD6D003AF069 /* CoreGraphics.framework */ = {isa = PBXFileReference; lastKnownFileType = wrapper.framework; name = CoreGraphics.framework; path = System/Library/Frameworks/CoreGraphics.framework; sourceTree = SDKROOT; };
		CB2764F21978BD6D003AF069 /* UIKit.framework */ = {isa = PBXFileReference; lastKnownFileType = wrapper.framework; name = UIKit.framework; path = System/Library/Frameworks/UIKit.framework; sourceTree = SDKROOT; };
		CB2764F41978BD6D003AF069 /* CoreData.framework */ = {isa = PBXFileReference; lastKnownFileType = wrapper.framework; name = CoreData.framework; path = System/Library/Frameworks/CoreData.framework; sourceTree = SDKROOT; };
		CB2764F81978BD6D003AF069 /* FormDemo-Info.plist */ = {isa = PBXFileReference; lastKnownFileType = text.plist.xml; path = "FormDemo-Info.plist"; sourceTree = "<group>"; };
		CB2764FA1978BD6D003AF069 /* en */ = {isa = PBXFileReference; lastKnownFileType = text.plist.strings; name = en; path = en.lproj/InfoPlist.strings; sourceTree = "<group>"; };
		CB2764FC1978BD6D003AF069 /* main.m */ = {isa = PBXFileReference; lastKnownFileType = sourcecode.c.objc; path = main.m; sourceTree = "<group>"; };
		CB2764FE1978BD6D003AF069 /* FormDemo-Prefix.pch */ = {isa = PBXFileReference; lastKnownFileType = sourcecode.c.h; path = "FormDemo-Prefix.pch"; sourceTree = "<group>"; };
		CB2764FF1978BD6D003AF069 /* AppDelegate.h */ = {isa = PBXFileReference; lastKnownFileType = sourcecode.c.h; path = AppDelegate.h; sourceTree = "<group>"; };
		CB2765001978BD6D003AF069 /* AppDelegate.m */ = {isa = PBXFileReference; lastKnownFileType = sourcecode.c.objc; path = AppDelegate.m; sourceTree = "<group>"; };
		CB2765031978BD6D003AF069 /* FormDemo.xcdatamodel */ = {isa = PBXFileReference; lastKnownFileType = wrapper.xcdatamodel; path = FormDemo.xcdatamodel; sourceTree = "<group>"; };
		CB2765051978BD6D003AF069 /* Images.xcassets */ = {isa = PBXFileReference; lastKnownFileType = folder.assetcatalog; path = Images.xcassets; sourceTree = "<group>"; };
		CB27650B1978BD6D003AF069 /* FormDemoTests.xctest */ = {isa = PBXFileReference; explicitFileType = wrapper.cfbundle; includeInIndex = 0; path = FormDemoTests.xctest; sourceTree = BUILT_PRODUCTS_DIR; };
		CB27650C1978BD6D003AF069 /* XCTest.framework */ = {isa = PBXFileReference; lastKnownFileType = wrapper.framework; name = XCTest.framework; path = Library/Frameworks/XCTest.framework; sourceTree = DEVELOPER_DIR; };
		CB2765151978BD6D003AF069 /* FormDemoTests-Info.plist */ = {isa = PBXFileReference; lastKnownFileType = text.plist.xml; path = "FormDemoTests-Info.plist"; sourceTree = "<group>"; };
		CB2765171978BD6D003AF069 /* en */ = {isa = PBXFileReference; lastKnownFileType = text.plist.strings; name = en; path = en.lproj/InfoPlist.strings; sourceTree = "<group>"; };
		CB2765191978BD6D003AF069 /* FormDemoTests.m */ = {isa = PBXFileReference; lastKnownFileType = sourcecode.c.objc; path = FormDemoTests.m; sourceTree = "<group>"; };
		CB2765281978C626003AF069 /* Form.storyboard */ = {isa = PBXFileReference; fileEncoding = 4; lastKnownFileType = file.storyboard; path = Form.storyboard; sourceTree = "<group>"; };
		CB27FF8E1986385F00CDA812 /* NSObject+Validation.h */ = {isa = PBXFileReference; fileEncoding = 4; lastKnownFileType = sourcecode.c.h; path = "NSObject+Validation.h"; sourceTree = "<group>"; };
		CB27FF8F1986385F00CDA812 /* NSObject+Validation.m */ = {isa = PBXFileReference; fileEncoding = 4; lastKnownFileType = sourcecode.c.objc; path = "NSObject+Validation.m"; sourceTree = "<group>"; };
		CB3543E519874B850056804B /* FDFMHandedTableViewController.h */ = {isa = PBXFileReference; fileEncoding = 4; lastKnownFileType = sourcecode.c.h; path = FDFMHandedTableViewController.h; sourceTree = "<group>"; };
		CB3543E619874B850056804B /* FDFMHandedTableViewController.m */ = {isa = PBXFileReference; fileEncoding = 4; lastKnownFileType = sourcecode.c.objc; path = FDFMHandedTableViewController.m; sourceTree = "<group>"; };
		CB3543EB19877F7B0056804B /* NSArray+Sort.h */ = {isa = PBXFileReference; fileEncoding = 4; lastKnownFileType = sourcecode.c.h; path = "NSArray+Sort.h"; sourceTree = "<group>"; };
		CB3543EC19877F7B0056804B /* NSArray+Sort.m */ = {isa = PBXFileReference; fileEncoding = 4; lastKnownFileType = sourcecode.c.objc; path = "NSArray+Sort.m"; sourceTree = "<group>"; };
		CB3543EE198781390056804B /* NSDictionary+Sort.h */ = {isa = PBXFileReference; fileEncoding = 4; lastKnownFileType = sourcecode.c.h; path = "NSDictionary+Sort.h"; sourceTree = "<group>"; };
		CB3543EF198781390056804B /* NSDictionary+Sort.m */ = {isa = PBXFileReference; fileEncoding = 4; lastKnownFileType = sourcecode.c.objc; path = "NSDictionary+Sort.m"; sourceTree = "<group>"; };
		CB4AA9A9197F9E2700B1F8D5 /* AFHTTPRequestOperationManager+Manager.h */ = {isa = PBXFileReference; fileEncoding = 4; lastKnownFileType = sourcecode.c.h; path = "AFHTTPRequestOperationManager+Manager.h"; sourceTree = "<group>"; };
		CB4AA9AA197F9E2700B1F8D5 /* AFHTTPRequestOperationManager+Manager.m */ = {isa = PBXFileReference; fileEncoding = 4; lastKnownFileType = sourcecode.c.objc; path = "AFHTTPRequestOperationManager+Manager.m"; sourceTree = "<group>"; };
		CB4AA9AC197FA2FB00B1F8D5 /* Root.storyboard */ = {isa = PBXFileReference; fileEncoding = 4; lastKnownFileType = file.storyboard; path = Root.storyboard; sourceTree = "<group>"; };
		CB4AA9AE197FAF4A00B1F8D5 /* FDRootViewController.h */ = {isa = PBXFileReference; fileEncoding = 4; lastKnownFileType = sourcecode.c.h; path = FDRootViewController.h; sourceTree = "<group>"; };
		CB4AA9AF197FAF4A00B1F8D5 /* FDRootViewController.m */ = {isa = PBXFileReference; fileEncoding = 4; lastKnownFileType = sourcecode.c.objc; path = FDRootViewController.m; sourceTree = "<group>"; };
		CB8CC3A91978FD8F00D70B22 /* FDFMInputViewController.h */ = {isa = PBXFileReference; fileEncoding = 4; lastKnownFileType = sourcecode.c.h; path = FDFMInputViewController.h; sourceTree = "<group>"; };
		CB8CC3AA1978FD8F00D70B22 /* FDFMInputViewController.m */ = {isa = PBXFileReference; fileEncoding = 4; lastKnownFileType = sourcecode.c.objc; path = FDFMInputViewController.m; sourceTree = "<group>"; };
		CBC5C25A197FC486008A6CB1 /* FDUserModel.h */ = {isa = PBXFileReference; fileEncoding = 4; lastKnownFileType = sourcecode.c.h; path = FDUserModel.h; sourceTree = "<group>"; };
		CBC5C25B197FC486008A6CB1 /* FDUserModel.m */ = {isa = PBXFileReference; fileEncoding = 4; lastKnownFileType = sourcecode.c.objc; path = FDUserModel.m; sourceTree = "<group>"; };
		CBFBD6F31980D97700D6EF05 /* CommonConfig.plist */ = {isa = PBXFileReference; fileEncoding = 4; lastKnownFileType = text.plist.xml; path = CommonConfig.plist; sourceTree = "<group>"; };
		CBFBD6F51980D9EA00D6EF05 /* DebugConfig.plist */ = {isa = PBXFileReference; fileEncoding = 4; lastKnownFileType = text.plist.xml; path = DebugConfig.plist; sourceTree = "<group>"; };
		CBFBD6F71980D9FB00D6EF05 /* ReleaseConfig.plist */ = {isa = PBXFileReference; fileEncoding = 4; lastKnownFileType = text.plist.xml; path = ReleaseConfig.plist; sourceTree = "<group>"; };
		CBFBD6FC1980E21F00D6EF05 /* FDConfigLoader.h */ = {isa = PBXFileReference; fileEncoding = 4; lastKnownFileType = sourcecode.c.h; path = FDConfigLoader.h; sourceTree = "<group>"; };
		CBFBD6FD1980E21F00D6EF05 /* FDConfigLoader.m */ = {isa = PBXFileReference; fileEncoding = 4; lastKnownFileType = sourcecode.c.objc; path = FDConfigLoader.m; sourceTree = "<group>"; };
		DFF72890749644C787E77123 /* libPods.a */ = {isa = PBXFileReference; explicitFileType = archive.ar; includeInIndex = 0; path = libPods.a; sourceTree = BUILT_PRODUCTS_DIR; };
/* End PBXFileReference section */

/* Begin PBXFrameworksBuildPhase section */
		CB2764E81978BD6D003AF069 /* Frameworks */ = {
			isa = PBXFrameworksBuildPhase;
			buildActionMask = 2147483647;
			files = (
				CB2764F11978BD6D003AF069 /* CoreGraphics.framework in Frameworks */,
				CB2764F51978BD6D003AF069 /* CoreData.framework in Frameworks */,
				CB2764F31978BD6D003AF069 /* UIKit.framework in Frameworks */,
				CB2764EF1978BD6D003AF069 /* Foundation.framework in Frameworks */,
				2803EF0476B44ABD9230F2F0 /* libPods.a in Frameworks */,
			);
			runOnlyForDeploymentPostprocessing = 0;
		};
		CB2765081978BD6D003AF069 /* Frameworks */ = {
			isa = PBXFrameworksBuildPhase;
			buildActionMask = 2147483647;
			files = (
				CB27650D1978BD6D003AF069 /* XCTest.framework in Frameworks */,
				CB2765101978BD6D003AF069 /* CoreData.framework in Frameworks */,
				CB27650F1978BD6D003AF069 /* UIKit.framework in Frameworks */,
				CB27650E1978BD6D003AF069 /* Foundation.framework in Frameworks */,
			);
			runOnlyForDeploymentPostprocessing = 0;
		};
/* End PBXFrameworksBuildPhase section */

/* Begin PBXGroup section */
		CB2764E21978BD6D003AF069 = {
			isa = PBXGroup;
			children = (
				CB2764F61978BD6D003AF069 /* FormDemo */,
				CB2765131978BD6D003AF069 /* FormDemoTests */,
				CB2764ED1978BD6D003AF069 /* Frameworks */,
				CB2764EC1978BD6D003AF069 /* Products */,
				0DD669FFB7B3487C9627DCA5 /* Pods.xcconfig */,
			);
			sourceTree = "<group>";
		};
		CB2764EC1978BD6D003AF069 /* Products */ = {
			isa = PBXGroup;
			children = (
				CB2764EB1978BD6D003AF069 /* FormDemo.app */,
				CB27650B1978BD6D003AF069 /* FormDemoTests.xctest */,
			);
			name = Products;
			sourceTree = "<group>";
		};
		CB2764ED1978BD6D003AF069 /* Frameworks */ = {
			isa = PBXGroup;
			children = (
				CB2764EE1978BD6D003AF069 /* Foundation.framework */,
				CB2764F01978BD6D003AF069 /* CoreGraphics.framework */,
				CB2764F21978BD6D003AF069 /* UIKit.framework */,
				CB2764F41978BD6D003AF069 /* CoreData.framework */,
				CB27650C1978BD6D003AF069 /* XCTest.framework */,
				DFF72890749644C787E77123 /* libPods.a */,
			);
			name = Frameworks;
			sourceTree = "<group>";
		};
		CB2764F61978BD6D003AF069 /* FormDemo */ = {
			isa = PBXGroup;
			children = (
				CB2765231978BDF7003AF069 /* Commons */,
				CB2765251978BE9F003AF069 /* Controllers */,
				CB2765261978BEBD003AF069 /* Views */,
				CB2765271978BF1D003AF069 /* Models */,
				CB2764FF1978BD6D003AF069 /* AppDelegate.h */,
				CB2765001978BD6D003AF069 /* AppDelegate.m */,
				CB2765051978BD6D003AF069 /* Images.xcassets */,
				CB2765021978BD6D003AF069 /* FormDemo.xcdatamodeld */,
				CB2764F71978BD6D003AF069 /* Supporting Files */,
			);
			path = FormDemo;
			sourceTree = "<group>";
		};
		CB2764F71978BD6D003AF069 /* Supporting Files */ = {
			isa = PBXGroup;
			children = (
				CB2764F81978BD6D003AF069 /* FormDemo-Info.plist */,
				CB2764F91978BD6D003AF069 /* InfoPlist.strings */,
				CB2764FC1978BD6D003AF069 /* main.m */,
				CB2764FE1978BD6D003AF069 /* FormDemo-Prefix.pch */,
			);
			name = "Supporting Files";
			sourceTree = "<group>";
		};
		CB2765131978BD6D003AF069 /* FormDemoTests */ = {
			isa = PBXGroup;
			children = (
				CB2765191978BD6D003AF069 /* FormDemoTests.m */,
				CB2765141978BD6D003AF069 /* Supporting Files */,
			);
			path = FormDemoTests;
			sourceTree = "<group>";
		};
		CB2765141978BD6D003AF069 /* Supporting Files */ = {
			isa = PBXGroup;
			children = (
				CB2765151978BD6D003AF069 /* FormDemoTests-Info.plist */,
				CB2765161978BD6D003AF069 /* InfoPlist.strings */,
			);
			name = "Supporting Files";
			sourceTree = "<group>";
		};
		CB2765231978BDF7003AF069 /* Commons */ = {
			isa = PBXGroup;
			children = (
				CBFBD6F21980D95100D6EF05 /* Configs */,
				CB2765241978BE50003AF069 /* Categories */,
			);
			path = Commons;
			sourceTree = "<group>";
		};
		CB2765241978BE50003AF069 /* Categories */ = {
			isa = PBXGroup;
			children = (
				CB4AA9A9197F9E2700B1F8D5 /* AFHTTPRequestOperationManager+Manager.h */,
				CB4AA9AA197F9E2700B1F8D5 /* AFHTTPRequestOperationManager+Manager.m */,
				CB27FF8E1986385F00CDA812 /* NSObject+Validation.h */,
				CB27FF8F1986385F00CDA812 /* NSObject+Validation.m */,
				CB021AF7197E12B500A0403E /* NSString+Validation.h */,
				CB021AF8197E12B500A0403E /* NSString+Validation.m */,
				CB07558D1979266E005EF170 /* UIView+FrameAccessor.h */,
				CB07558E1979266E005EF170 /* UIView+FrameAccessor.m */,
				CB3543EB19877F7B0056804B /* NSArray+Sort.h */,
				CB3543EC19877F7B0056804B /* NSArray+Sort.m */,
				CB3543EE198781390056804B /* NSDictionary+Sort.h */,
				CB3543EF198781390056804B /* NSDictionary+Sort.m */,
			);
			path = Categories;
			sourceTree = "<group>";
		};
		CB2765251978BE9F003AF069 /* Controllers */ = {
			isa = PBXGroup;
			children = (
				CB8CC3A81978FD0B00D70B22 /* Form(FM) */,
				CB4AA9AE197FAF4A00B1F8D5 /* FDRootViewController.h */,
				CB4AA9AF197FAF4A00B1F8D5 /* FDRootViewController.m */,
			);
			path = Controllers;
			sourceTree = "<group>";
		};
		CB2765261978BEBD003AF069 /* Views */ = {
			isa = PBXGroup;
			children = (
				CB2765281978C626003AF069 /* Form.storyboard */,
				CB4AA9AC197FA2FB00B1F8D5 /* Root.storyboard */,
			);
			path = Views;
			sourceTree = "<group>";
		};
		CB2765271978BF1D003AF069 /* Models */ = {
			isa = PBXGroup;
			children = (
				CBC5C25A197FC486008A6CB1 /* FDUserModel.h */,
				CBC5C25B197FC486008A6CB1 /* FDUserModel.m */,
			);
			path = Models;
			sourceTree = "<group>";
		};
		CB8CC3A81978FD0B00D70B22 /* Form(FM) */ = {
			isa = PBXGroup;
			children = (
				CB8CC3A91978FD8F00D70B22 /* FDFMInputViewController.h */,
				CB8CC3AA1978FD8F00D70B22 /* FDFMInputViewController.m */,
				CB3543E519874B850056804B /* FDFMHandedTableViewController.h */,
				CB3543E619874B850056804B /* FDFMHandedTableViewController.m */,
				CB0E82E9197F65FD00859FC5 /* FDFMConfirmViewController.h */,
				CB0E82EA197F65FD00859FC5 /* FDFMConfirmViewController.m */,
			);
			name = "Form(FM)";
			path = Form;
			sourceTree = "<group>";
		};
		CBFBD6F21980D95100D6EF05 /* Configs */ = {
			isa = PBXGroup;
			children = (
				CBFBD6F31980D97700D6EF05 /* CommonConfig.plist */,
				CBFBD6F51980D9EA00D6EF05 /* DebugConfig.plist */,
				CBFBD6F71980D9FB00D6EF05 /* ReleaseConfig.plist */,
				CBFBD6FC1980E21F00D6EF05 /* FDConfigLoader.h */,
				CBFBD6FD1980E21F00D6EF05 /* FDConfigLoader.m */,
			);
			path = Configs;
			sourceTree = "<group>";
		};
/* End PBXGroup section */

/* Begin PBXNativeTarget section */
		CB2764EA1978BD6D003AF069 /* FormDemo */ = {
			isa = PBXNativeTarget;
			buildConfigurationList = CB27651D1978BD6D003AF069 /* Build configuration list for PBXNativeTarget "FormDemo" */;
			buildPhases = (
				5303B635CA1C4F27B1EA4155 /* Check Pods Manifest.lock */,
				CB2764E71978BD6D003AF069 /* Sources */,
				CB2764E81978BD6D003AF069 /* Frameworks */,
				CB2764E91978BD6D003AF069 /* Resources */,
				2AAF2C56E4014E94834AADDB /* Copy Pods Resources */,
			);
			buildRules = (
			);
			dependencies = (
			);
			name = FormDemo;
			productName = FormDemo;
			productReference = CB2764EB1978BD6D003AF069 /* FormDemo.app */;
			productType = "com.apple.product-type.application";
		};
		CB27650A1978BD6D003AF069 /* FormDemoTests */ = {
			isa = PBXNativeTarget;
			buildConfigurationList = CB2765201978BD6D003AF069 /* Build configuration list for PBXNativeTarget "FormDemoTests" */;
			buildPhases = (
				CB2765071978BD6D003AF069 /* Sources */,
				CB2765081978BD6D003AF069 /* Frameworks */,
				CB2765091978BD6D003AF069 /* Resources */,
			);
			buildRules = (
			);
			dependencies = (
				CB2765121978BD6D003AF069 /* PBXTargetDependency */,
			);
			name = FormDemoTests;
			productName = FormDemoTests;
			productReference = CB27650B1978BD6D003AF069 /* FormDemoTests.xctest */;
			productType = "com.apple.product-type.bundle.unit-test";
		};
/* End PBXNativeTarget section */

/* Begin PBXProject section */
		CB2764E31978BD6D003AF069 /* Project object */ = {
			isa = PBXProject;
			attributes = {
				LastUpgradeCheck = 0510;
				ORGANIZATIONNAME = mycompany;
				TargetAttributes = {
					CB27650A1978BD6D003AF069 = {
						TestTargetID = CB2764EA1978BD6D003AF069;
					};
				};
			};
			buildConfigurationList = CB2764E61978BD6D003AF069 /* Build configuration list for PBXProject "FormDemo" */;
			compatibilityVersion = "Xcode 3.2";
			developmentRegion = English;
			hasScannedForEncodings = 0;
			knownRegions = (
				en,
			);
			mainGroup = CB2764E21978BD6D003AF069;
			productRefGroup = CB2764EC1978BD6D003AF069 /* Products */;
			projectDirPath = "";
			projectRoot = "";
			targets = (
				CB2764EA1978BD6D003AF069 /* FormDemo */,
				CB27650A1978BD6D003AF069 /* FormDemoTests */,
			);
		};
/* End PBXProject section */

/* Begin PBXResourcesBuildPhase section */
		CB2764E91978BD6D003AF069 /* Resources */ = {
			isa = PBXResourcesBuildPhase;
			buildActionMask = 2147483647;
			files = (
				CB2764FB1978BD6D003AF069 /* InfoPlist.strings in Resources */,
				CB2765061978BD6D003AF069 /* Images.xcassets in Resources */,
				CB2765291978C626003AF069 /* Form.storyboard in Resources */,
				CB4AA9AD197FA2FB00B1F8D5 /* Root.storyboard in Resources */,
				CBFBD6F61980D9EA00D6EF05 /* DebugConfig.plist in Resources */,
				CBFBD6F41980D97700D6EF05 /* CommonConfig.plist in Resources */,
				CBFBD6F81980D9FB00D6EF05 /* ReleaseConfig.plist in Resources */,
			);
			runOnlyForDeploymentPostprocessing = 0;
		};
		CB2765091978BD6D003AF069 /* Resources */ = {
			isa = PBXResourcesBuildPhase;
			buildActionMask = 2147483647;
			files = (
				CB2765181978BD6D003AF069 /* InfoPlist.strings in Resources */,
			);
			runOnlyForDeploymentPostprocessing = 0;
		};
/* End PBXResourcesBuildPhase section */

/* Begin PBXShellScriptBuildPhase section */
		2AAF2C56E4014E94834AADDB /* Copy Pods Resources */ = {
			isa = PBXShellScriptBuildPhase;
			buildActionMask = 2147483647;
			files = (
			);
			inputPaths = (
			);
			name = "Copy Pods Resources";
			outputPaths = (
			);
			runOnlyForDeploymentPostprocessing = 0;
			shellPath = /bin/sh;
			shellScript = "\"${SRCROOT}/Pods/Pods-resources.sh\"\n";
			showEnvVarsInLog = 0;
		};
		5303B635CA1C4F27B1EA4155 /* Check Pods Manifest.lock */ = {
			isa = PBXShellScriptBuildPhase;
			buildActionMask = 2147483647;
			files = (
			);
			inputPaths = (
			);
			name = "Check Pods Manifest.lock";
			outputPaths = (
			);
			runOnlyForDeploymentPostprocessing = 0;
			shellPath = /bin/sh;
			shellScript = "diff \"${PODS_ROOT}/../Podfile.lock\" \"${PODS_ROOT}/Manifest.lock\" > /dev/null\nif [[ $? != 0 ]] ; then\n    cat << EOM\nerror: The sandbox is not in sync with the Podfile.lock. Run 'pod install' or update your CocoaPods installation.\nEOM\n    exit 1\nfi\n";
			showEnvVarsInLog = 0;
		};
/* End PBXShellScriptBuildPhase section */

/* Begin PBXSourcesBuildPhase section */
		CB2764E71978BD6D003AF069 /* Sources */ = {
			isa = PBXSourcesBuildPhase;
			buildActionMask = 2147483647;
			files = (
				CB07558F1979266E005EF170 /* UIView+FrameAccessor.m in Sources */,
				CBFBD6FE1980E21F00D6EF05 /* FDConfigLoader.m in Sources */,
				CB2765011978BD6D003AF069 /* AppDelegate.m in Sources */,
				CB021AF9197E12B500A0403E /* NSString+Validation.m in Sources */,
				CB2764FD1978BD6D003AF069 /* main.m in Sources */,
				CB4AA9B0197FAF4A00B1F8D5 /* FDRootViewController.m in Sources */,
				CB2765041978BD6D003AF069 /* FormDemo.xcdatamodeld in Sources */,
				CBC5C25C197FC486008A6CB1 /* FDUserModel.m in Sources */,
				CB3543F0198781390056804B /* NSDictionary+Sort.m in Sources */,
				CB4AA9AB197F9E2700B1F8D5 /* AFHTTPRequestOperationManager+Manager.m in Sources */,
				CB8CC3AB1978FD8F00D70B22 /* FDFMInputViewController.m in Sources */,
				CB3543ED19877F7B0056804B /* NSArray+Sort.m in Sources */,
				CB27FF901986385F00CDA812 /* NSObject+Validation.m in Sources */,
				CB3543E719874B850056804B /* FDFMHandedTableViewController.m in Sources */,
				CB0E82EB197F65FD00859FC5 /* FDFMConfirmViewController.m in Sources */,
			);
			runOnlyForDeploymentPostprocessing = 0;
		};
		CB2765071978BD6D003AF069 /* Sources */ = {
			isa = PBXSourcesBuildPhase;
			buildActionMask = 2147483647;
			files = (
				CB27651A1978BD6D003AF069 /* FormDemoTests.m in Sources */,
			);
			runOnlyForDeploymentPostprocessing = 0;
		};
/* End PBXSourcesBuildPhase section */

/* Begin PBXTargetDependency section */
		CB2765121978BD6D003AF069 /* PBXTargetDependency */ = {
			isa = PBXTargetDependency;
			target = CB2764EA1978BD6D003AF069 /* FormDemo */;
			targetProxy = CB2765111978BD6D003AF069 /* PBXContainerItemProxy */;
		};
/* End PBXTargetDependency section */

/* Begin PBXVariantGroup section */
		CB2764F91978BD6D003AF069 /* InfoPlist.strings */ = {
			isa = PBXVariantGroup;
			children = (
				CB2764FA1978BD6D003AF069 /* en */,
			);
			name = InfoPlist.strings;
			sourceTree = "<group>";
		};
		CB2765161978BD6D003AF069 /* InfoPlist.strings */ = {
			isa = PBXVariantGroup;
			children = (
				CB2765171978BD6D003AF069 /* en */,
			);
			name = InfoPlist.strings;
			sourceTree = "<group>";
		};
/* End PBXVariantGroup section */

/* Begin XCBuildConfiguration section */
		CB27651B1978BD6D003AF069 /* Debug */ = {
			isa = XCBuildConfiguration;
			buildSettings = {
				ALWAYS_SEARCH_USER_PATHS = NO;
				CLANG_CXX_LANGUAGE_STANDARD = "gnu++0x";
				CLANG_CXX_LIBRARY = "libc++";
				CLANG_ENABLE_MODULES = YES;
				CLANG_ENABLE_OBJC_ARC = YES;
				CLANG_WARN_BOOL_CONVERSION = YES;
				CLANG_WARN_CONSTANT_CONVERSION = YES;
				CLANG_WARN_DIRECT_OBJC_ISA_USAGE = YES_ERROR;
				CLANG_WARN_EMPTY_BODY = YES;
				CLANG_WARN_ENUM_CONVERSION = YES;
				CLANG_WARN_INT_CONVERSION = YES;
				CLANG_WARN_OBJC_ROOT_CLASS = YES_ERROR;
				CLANG_WARN__DUPLICATE_METHOD_MATCH = YES;
				"CODE_SIGN_IDENTITY[sdk=iphoneos*]" = "iPhone Developer";
				COPY_PHASE_STRIP = NO;
				GCC_C_LANGUAGE_STANDARD = gnu99;
				GCC_DYNAMIC_NO_PIC = NO;
				GCC_OPTIMIZATION_LEVEL = 0;
				GCC_PREPROCESSOR_DEFINITIONS = (
					"DEBUG=1",
					"$(inherited)",
				);
				GCC_SYMBOLS_PRIVATE_EXTERN = NO;
				GCC_WARN_64_TO_32_BIT_CONVERSION = YES;
				GCC_WARN_ABOUT_RETURN_TYPE = YES_ERROR;
				GCC_WARN_UNDECLARED_SELECTOR = YES;
				GCC_WARN_UNINITIALIZED_AUTOS = YES_AGGRESSIVE;
				GCC_WARN_UNUSED_FUNCTION = YES;
				GCC_WARN_UNUSED_VARIABLE = YES;
				IPHONEOS_DEPLOYMENT_TARGET = 6.0;
				ONLY_ACTIVE_ARCH = YES;
				SDKROOT = iphoneos;
				TARGETED_DEVICE_FAMILY = "1,2";
			};
			name = Debug;
		};
		CB27651C1978BD6D003AF069 /* Release */ = {
			isa = XCBuildConfiguration;
			buildSettings = {
				ALWAYS_SEARCH_USER_PATHS = NO;
				CLANG_CXX_LANGUAGE_STANDARD = "gnu++0x";
				CLANG_CXX_LIBRARY = "libc++";
				CLANG_ENABLE_MODULES = YES;
				CLANG_ENABLE_OBJC_ARC = YES;
				CLANG_WARN_BOOL_CONVERSION = YES;
				CLANG_WARN_CONSTANT_CONVERSION = YES;
				CLANG_WARN_DIRECT_OBJC_ISA_USAGE = YES_ERROR;
				CLANG_WARN_EMPTY_BODY = YES;
				CLANG_WARN_ENUM_CONVERSION = YES;
				CLANG_WARN_INT_CONVERSION = YES;
				CLANG_WARN_OBJC_ROOT_CLASS = YES_ERROR;
				CLANG_WARN__DUPLICATE_METHOD_MATCH = YES;
				"CODE_SIGN_IDENTITY[sdk=iphoneos*]" = "iPhone Developer";
				COPY_PHASE_STRIP = YES;
				ENABLE_NS_ASSERTIONS = NO;
				GCC_C_LANGUAGE_STANDARD = gnu99;
				GCC_WARN_64_TO_32_BIT_CONVERSION = YES;
				GCC_WARN_ABOUT_RETURN_TYPE = YES_ERROR;
				GCC_WARN_UNDECLARED_SELECTOR = YES;
				GCC_WARN_UNINITIALIZED_AUTOS = YES_AGGRESSIVE;
				GCC_WARN_UNUSED_FUNCTION = YES;
				GCC_WARN_UNUSED_VARIABLE = YES;
				IPHONEOS_DEPLOYMENT_TARGET = 6.0;
				SDKROOT = iphoneos;
				TARGETED_DEVICE_FAMILY = "1,2";
				VALIDATE_PRODUCT = YES;
			};
			name = Release;
		};
		CB27651E1978BD6D003AF069 /* Debug */ = {
			isa = XCBuildConfiguration;
			baseConfigurationReference = 0DD669FFB7B3487C9627DCA5 /* Pods.xcconfig */;
			buildSettings = {
				ASSETCATALOG_COMPILER_APPICON_NAME = AppIcon;
				ASSETCATALOG_COMPILER_LAUNCHIMAGE_NAME = LaunchImage;
				GCC_PRECOMPILE_PREFIX_HEADER = YES;
				GCC_PREFIX_HEADER = "FormDemo/FormDemo-Prefix.pch";
				INFOPLIST_FILE = "FormDemo/FormDemo-Info.plist";
				PRODUCT_NAME = "$(TARGET_NAME)";
				WRAPPER_EXTENSION = app;
			};
			name = Debug;
		};
		CB27651F1978BD6D003AF069 /* Release */ = {
			isa = XCBuildConfiguration;
			baseConfigurationReference = 0DD669FFB7B3487C9627DCA5 /* Pods.xcconfig */;
			buildSettings = {
				ASSETCATALOG_COMPILER_APPICON_NAME = AppIcon;
				ASSETCATALOG_COMPILER_LAUNCHIMAGE_NAME = LaunchImage;
				GCC_PRECOMPILE_PREFIX_HEADER = YES;
				GCC_PREFIX_HEADER = "FormDemo/FormDemo-Prefix.pch";
				INFOPLIST_FILE = "FormDemo/FormDemo-Info.plist";
				PRODUCT_NAME = "$(TARGET_NAME)";
				WRAPPER_EXTENSION = app;
			};
			name = Release;
		};
		CB2765211978BD6D003AF069 /* Debug */ = {
			isa = XCBuildConfiguration;
			buildSettings = {
				BUNDLE_LOADER = "$(BUILT_PRODUCTS_DIR)/FormDemo.app/FormDemo";
				FRAMEWORK_SEARCH_PATHS = (
					"$(SDKROOT)/Developer/Library/Frameworks",
					"$(inherited)",
					"$(DEVELOPER_FRAMEWORKS_DIR)",
				);
				GCC_PRECOMPILE_PREFIX_HEADER = YES;
				GCC_PREFIX_HEADER = "FormDemo/FormDemo-Prefix.pch";
				GCC_PREPROCESSOR_DEFINITIONS = (
					"DEBUG=1",
					"$(inherited)",
				);
				INFOPLIST_FILE = "FormDemoTests/FormDemoTests-Info.plist";
				PRODUCT_NAME = "$(TARGET_NAME)";
				TEST_HOST = "$(BUNDLE_LOADER)";
				WRAPPER_EXTENSION = xctest;
			};
			name = Debug;
		};
		CB2765221978BD6D003AF069 /* Release */ = {
			isa = XCBuildConfiguration;
			buildSettings = {
				BUNDLE_LOADER = "$(BUILT_PRODUCTS_DIR)/FormDemo.app/FormDemo";
				FRAMEWORK_SEARCH_PATHS = (
					"$(SDKROOT)/Developer/Library/Frameworks",
					"$(inherited)",
					"$(DEVELOPER_FRAMEWORKS_DIR)",
				);
				GCC_PRECOMPILE_PREFIX_HEADER = YES;
				GCC_PREFIX_HEADER = "FormDemo/FormDemo-Prefix.pch";
				INFOPLIST_FILE = "FormDemoTests/FormDemoTests-Info.plist";
				PRODUCT_NAME = "$(TARGET_NAME)";
				TEST_HOST = "$(BUNDLE_LOADER)";
				WRAPPER_EXTENSION = xctest;
			};
			name = Release;
		};
/* End XCBuildConfiguration section */

/* Begin XCConfigurationList section */
		CB2764E61978BD6D003AF069 /* Build configuration list for PBXProject "FormDemo" */ = {
			isa = XCConfigurationList;
			buildConfigurations = (
				CB27651B1978BD6D003AF069 /* Debug */,
				CB27651C1978BD6D003AF069 /* Release */,
			);
			defaultConfigurationIsVisible = 0;
			defaultConfigurationName = Release;
		};
		CB27651D1978BD6D003AF069 /* Build configuration list for PBXNativeTarget "FormDemo" */ = {
			isa = XCConfigurationList;
			buildConfigurations = (
				CB27651E1978BD6D003AF069 /* Debug */,
				CB27651F1978BD6D003AF069 /* Release */,
			);
			defaultConfigurationIsVisible = 0;
			defaultConfigurationName = Release;
		};
		CB2765201978BD6D003AF069 /* Build configuration list for PBXNativeTarget "FormDemoTests" */ = {
			isa = XCConfigurationList;
			buildConfigurations = (
				CB2765211978BD6D003AF069 /* Debug */,
				CB2765221978BD6D003AF069 /* Release */,
			);
			defaultConfigurationIsVisible = 0;
			defaultConfigurationName = Release;
		};
/* End XCConfigurationList section */

/* Begin XCVersionGroup section */
		CB2765021978BD6D003AF069 /* FormDemo.xcdatamodeld */ = {
			isa = XCVersionGroup;
			children = (
				CB2765031978BD6D003AF069 /* FormDemo.xcdatamodel */,
			);
			currentVersion = CB2765031978BD6D003AF069 /* FormDemo.xcdatamodel */;
			path = FormDemo.xcdatamodeld;
			sourceTree = "<group>";
			versionGroupType = wrapper.xcdatamodel;
		};
/* End XCVersionGroup section */
	};
	rootObject = CB2764E31978BD6D003AF069 /* Project object */;
}
